
Microsoft Visual Studio Solution File, Format Version 12.00
# Visual Studio 15
VisualStudioVersion = 15.0.28307.168
MinimumVisualStudioVersion = 10.0.40219.1
Project("{FAE04EC0-301F-11D3-BF4B-00C04F79EFBC}") = "UruIt.GameOfDrones.UI", "UruIt.GameOfDrones\UruIt.GameOfDrones.UI.csproj", "{F922AE9A-3BFB-4DB9-81F0-4352FF5EFE43}"
EndProject
Project("{FAE04EC0-301F-11D3-BF4B-00C04F79EFBC}") = "UruIt.GameOfDrones.Models", "UruIt.GameOfDrones.Models\UruIt.GameOfDrones.Models.csproj", "{57C1FE72-436C-483A-B9B6-B88C2AF81CE2}"
EndProject
Project("{FAE04EC0-301F-11D3-BF4B-00C04F79EFBC}") = "UruIt.GameOfDrones.Persistence", "UruIt.GameOfDrones.Persistence\UruIt.GameOfDrones.Persistence.csproj", "{389754C3-FCA2-4E8E-95EF-EF4D95F52589}"
EndProject
Global
	GlobalSection(SolutionConfigurationPlatforms) = preSolution
		Debug|Any CPU = Debug|Any CPU
		Release|Any CPU = Release|Any CPU
	EndGlobalSection
	GlobalSection(ProjectConfigurationPlatforms) = postSolution
		{F922AE9A-3BFB-4DB9-81F0-4352FF5EFE43}.Debug|Any CPU.ActiveCfg = Debug|Any CPU
		{F922AE9A-3BFB-4DB9-81F0-4352FF5EFE43}.Debug|Any CPU.Build.0 = Debug|Any CPU
		{F922AE9A-3BFB-4DB9-81F0-4352FF5EFE43}.Release|Any CPU.ActiveCfg = Release|Any CPU
		{F922AE9A-3BFB-4DB9-81F0-4352FF5EFE43}.Release|Any CPU.Build.0 = Release|Any CPU
		{57C1FE72-436C-483A-B9B6-B88C2AF81CE2}.Debug|Any CPU.ActiveCfg = Debug|Any CPU
		{57C1FE72-436C-483A-B9B6-B88C2AF81CE2}.Debug|Any CPU.Build.0 = Debug|Any CPU
		{57C1FE72-436C-483A-B9B6-B88C2AF81CE2}.Release|Any CPU.ActiveCfg = Release|Any CPU
		{57C1FE72-436C-483A-B9B6-B88C2AF81CE2}.Release|Any CPU.Build.0 = Release|Any CPU
		{389754C3-FCA2-4E8E-95EF-EF4D95F52589}.Debug|Any CPU.ActiveCfg = Debug|Any CPU
		{389754C3-FCA2-4E8E-95EF-EF4D95F52589}.Debug|Any CPU.Build.0 = Debug|Any CPU
		{389754C3-FCA2-4E8E-95EF-EF4D95F52589}.Release|Any CPU.ActiveCfg = Release|Any CPU
		{389754C3-FCA2-4E8E-95EF-EF4D95F52589}.Release|Any CPU.Build.0 = Release|Any CPU
	EndGlobalSection
	GlobalSection(SolutionProperties) = preSolution
		HideSolutionNode = FALSE
	EndGlobalSection
	GlobalSection(ExtensibilityGlobals) = postSolution
		SolutionGuid = {B86C9F8D-3803-4DFD-AE20-BE9183C7F2BE}
	EndGlobalSection
EndGlobal
